
Microsoft Visual Studio Solution File, Format Version 12.00
# Visual Studio 15
VisualStudioVersion = 15.0.28307.168
MinimumVisualStudioVersion = 10.0.40219.1
Project("{FAE04EC0-301F-11D3-BF4B-00C04F79EFBC}") = "SeldatUnilever_Ver1.02", "SeldatUnilever_Ver1.02\SeldatUnilever_Ver1.02.csproj", "{100C6339-45DE-4D19-A768-D9C1E9A24AE1}"
EndProject
Global
	GlobalSection(SolutionConfigurationPlatforms) = preSolution
		Debug|Any CPU = Debug|Any CPU
		Release|Any CPU = Release|Any CPU
	EndGlobalSection
	GlobalSection(ProjectConfigurationPlatforms) = postSolution
		{100C6339-45DE-4D19-A768-D9C1E9A24AE1}.Debug|Any CPU.ActiveCfg = Debug|Any CPU
		{100C6339-45DE-4D19-A768-D9C1E9A24AE1}.Debug|Any CPU.Build.0 = Debug|Any CPU
		{100C6339-45DE-4D19-A768-D9C1E9A24AE1}.Release|Any CPU.ActiveCfg = Release|Any CPU
		{100C6339-45DE-4D19-A768-D9C1E9A24AE1}.Release|Any CPU.Build.0 = Release|Any CPU
	EndGlobalSection
	GlobalSection(SolutionProperties) = preSolution
		HideSolutionNode = FALSE
	EndGlobalSection
	GlobalSection(ExtensibilityGlobals) = postSolution
		SolutionGuid = {DFB9B1FF-D03A-441A-B48F-3A75EB1DFA1B}
	EndGlobalSection
EndGlobal
